
Microsoft Visual Studio Solution File, Format Version 12.00
# Visual Studio 15
VisualStudioVersion = 15.0.27428.2037
MinimumVisualStudioVersion = 10.0.40219.1
Project("{FAE04EC0-301F-11D3-BF4B-00C04F79EFBC}") = "AutoMapperCore", "AutoMapperCore\AutoMapperCore.csproj", "{C939F2E6-A302-41A6-ABA2-F19FA0594824}"
EndProject
Global
	GlobalSection(SolutionConfigurationPlatforms) = preSolution
		Debug|Any CPU = Debug|Any CPU
		Release|Any CPU = Release|Any CPU
	EndGlobalSection
	GlobalSection(ProjectConfigurationPlatforms) = postSolution
		{C939F2E6-A302-41A6-ABA2-F19FA0594824}.Debug|Any CPU.ActiveCfg = Debug|Any CPU
		{C939F2E6-A302-41A6-ABA2-F19FA0594824}.Debug|Any CPU.Build.0 = Debug|Any CPU
		{C939F2E6-A302-41A6-ABA2-F19FA0594824}.Release|Any CPU.ActiveCfg = Release|Any CPU
		{C939F2E6-A302-41A6-ABA2-F19FA0594824}.Release|Any CPU.Build.0 = Release|Any CPU
	EndGlobalSection
	GlobalSection(SolutionProperties) = preSolution
		HideSolutionNode = FALSE
	EndGlobalSection
	GlobalSection(ExtensibilityGlobals) = postSolution
		SolutionGuid = {D055E9C0-727F-4D53-BBAA-472F782C53A0}
	EndGlobalSection
EndGlobal
